
Microsoft Visual Studio Solution File, Format Version 12.00
# Visual Studio Version 16
VisualStudioVersion = 16.0.30104.148
MinimumVisualStudioVersion = 10.0.40219.1
Project("{FAE04EC0-301F-11D3-BF4B-00C04F79EFBC}") = "Documentor", "Documentor\Documentor.csproj", "{1D5C1594-C3ED-428E-B084-8A68A17E9BF1}"
EndProject
Global
	GlobalSection(SolutionConfigurationPlatforms) = preSolution
		Debug|Any CPU = Debug|Any CPU
		Release|Any CPU = Release|Any CPU
	EndGlobalSection
	GlobalSection(ProjectConfigurationPlatforms) = postSolution
		{1D5C1594-C3ED-428E-B084-8A68A17E9BF1}.Debug|Any CPU.ActiveCfg = Debug|Any CPU
		{1D5C1594-C3ED-428E-B084-8A68A17E9BF1}.Debug|Any CPU.Build.0 = Debug|Any CPU
		{1D5C1594-C3ED-428E-B084-8A68A17E9BF1}.Release|Any CPU.ActiveCfg = Release|Any CPU
		{1D5C1594-C3ED-428E-B084-8A68A17E9BF1}.Release|Any CPU.Build.0 = Release|Any CPU
	EndGlobalSection
	GlobalSection(SolutionProperties) = preSolution
		HideSolutionNode = FALSE
	EndGlobalSection
	GlobalSection(ExtensibilityGlobals) = postSolution
		SolutionGuid = {F27A2569-7FA8-4ADF-8B16-1D370B56408C}
	EndGlobalSection
EndGlobal
